{
	"name": "preact-es2015-template",
	"lockfileVersion": 2,
	"requires": true,
	"packages": {
		"": {
			"license": "Unlicense",
			"dependencies": {
				"es-module-shims": "1.5.6",
				"preact": "10.8.1"
			},
			"devDependencies": {
				"typescript": "4.7.3"
			}
		},
		"node_modules/es-module-shims": {
			"version": "1.5.6",
			"resolved": "https://registry.npmjs.org/es-module-shims/-/es-module-shims-1.5.6.tgz",
			"integrity": "sha512-P/WNC3j4hncbMjx8mdgNchYaSulXJO8Q7lF6CJthc0Rv3t6ZuzfQnkXkNzluUdgnS9/7mTTJrS9dDgZ2OYbZvA=="
		},
		"node_modules/preact": {
			"version": "10.8.1",
			"resolved": "https://registry.npmjs.org/preact/-/preact-10.8.1.tgz",
			"integrity": "sha512-p5CKQ0MCEXTGKGOHiFaNE2V2nDq2hvDHykXvIlz+4lbfJ9umLZr8JS/fa1bXUwRcHXK+Ljk8zqmDhr25n0LtVg==",
			"funding": {
				"type": "opencollective",
				"url": "https://opencollective.com/preact"
			}
		},
		"node_modules/typescript": {
			"version": "4.7.3",
			"resolved": "https://registry.npmjs.org/typescript/-/typescript-4.7.3.tgz",
			"integrity": "sha512-WOkT3XYvrpXx4vMMqlD+8R8R37fZkjyLGlxavMc4iB8lrl8L0DeTcHbYgw/v0N/z9wAFsgBhcsF0ruoySS22mA==",
			"dev": true,
			"bin": {
				"tsc": "bin/tsc",
				"tsserver": "bin/tsserver"
			},
			"engines": {
				"node": ">=4.2.0"
			}
		}
	},
	"dependencies": {
		"es-module-shims": {
			"version": "1.5.6",
			"resolved": "https://registry.npmjs.org/es-module-shims/-/es-module-shims-1.5.6.tgz",
			"integrity": "sha512-P/WNC3j4hncbMjx8mdgNchYaSulXJO8Q7lF6CJthc0Rv3t6ZuzfQnkXkNzluUdgnS9/7mTTJrS9dDgZ2OYbZvA=="
		},
		"preact": {
			"version": "10.8.1",
			"resolved": "https://registry.npmjs.org/preact/-/preact-10.8.1.tgz",
			"integrity": "sha512-p5CKQ0MCEXTGKGOHiFaNE2V2nDq2hvDHykXvIlz+4lbfJ9umLZr8JS/fa1bXUwRcHXK+Ljk8zqmDhr25n0LtVg=="
		},
		"typescript": {
			"version": "4.7.3",
			"resolved": "https://registry.npmjs.org/typescript/-/typescript-4.7.3.tgz",
			"integrity": "sha512-WOkT3XYvrpXx4vMMqlD+8R8R37fZkjyLGlxavMc4iB8lrl8L0DeTcHbYgw/v0N/z9wAFsgBhcsF0ruoySS22mA==",
			"dev": true
		}
	}
}
